<?xml version="1.0" encoding="utf-8"?>
<Project ToolsVersion="4.0" xmlns="http://schemas.microsoft.com/developer/msbuild/2003">
  <ItemGroup>
    <Filter Include="Source Files">
      <UniqueIdentifier>{4FC737F1-C7A5-4376-A066-2A32D752A2FF}</UniqueIdentifier>
      <Extensions>cpp;c;cc;cxx;def;odl;idl;hpj;bat;asm;asmx</Extensions>
    </Filter>
    <Filter Include="Header Files">
      <UniqueIdentifier>{93995380-89BD-4b04-88EB-625FBE52EBFB}</UniqueIdentifier>
      <Extensions>h;hh;hpp;hxx;hm;inl;inc;xsd</Extensions>
    </Filter>
    <Filter Include="Resource Files">
      <UniqueIdentifier>{67DA6AB6-F800-4c08-8B7A-83BB121AAD01}</UniqueIdentifier>
      <Extensions>rc;ico;cur;bmp;dlg;rc2;rct;bin;rgs;gif;jpg;jpeg;jpe;resx;tiff;tif;png;wav;mfcribbon-ms</Extensions>
    </Filter>
    <Filter Include="Header Files\Character">
      <UniqueIdentifier>{d497fb71-a1ae-48e6-8aaf-22562561c4cd}</UniqueIdentifier>
    </Filter>
    <Filter Include="Source Files\Character">
      <UniqueIdentifier>{d4ad2c82-d4a3-48ff-b503-c3c4d5f2f9b9}</UniqueIdentifier>
    </Filter>
    <Filter Include="Header Files\Character\Enemy">
      <UniqueIdentifier>{dc985483-f0c4-40e8-8f7b-63fd518fd8b0}</UniqueIdentifier>
    </Filter>
    <Filter Include="Header Files\Character\Hero">
      <UniqueIdentifier>{196c703e-70fe-484f-85a1-296d3d77f916}</UniqueIdentifier>
    </Filter>
    <Filter Include="Source Files\Character\Enemy">
      <UniqueIdentifier>{810a19c2-28e4-43d3-bc3a-f4bc45450c91}</UniqueIdentifier>
    </Filter>
    <Filter Include="Source Files\Character\Hero">
      <UniqueIdentifier>{24de2fd0-b59b-4786-abad-2f36351321d5}</UniqueIdentifier>
    </Filter>
    <Filter Include="Source Files\Item">
      <UniqueIdentifier>{e757e2ac-41cb-4c0b-b7ae-2a086eb47ff9}</UniqueIdentifier>
    </Filter>
    <Filter Include="Header Files\Item">
      <UniqueIdentifier>{e8b8355f-b757-40fa-b945-1410094e36de}</UniqueIdentifier>
    </Filter>
  </ItemGroup>
  <ItemGroup>
    <ClInclude Include="human.h">
      <Filter>Header Files\Character\Enemy</Filter>
    </ClInclude>
    <ClInclude Include="merchant.h">
      <Filter>Header Files\Character\Enemy</Filter>
    </ClInclude>
    <ClInclude Include="orc.h">
      <Filter>Header Files\Character\Enemy</Filter>
    </ClInclude>
    <ClInclude Include="halfling.h">
      <Filter>Header Files\Character\Enemy</Filter>
    </ClInclude>
    <ClInclude Include="goblin.h">
      <Filter>Header Files\Character\Hero</Filter>
    </ClInclude>
    <ClInclude Include="dragon.h">
      <Filter>Header Files\Character\Enemy</Filter>
    </ClInclude>
    <ClInclude Include="shade.h">
      <Filter>Header Files\Character\Hero</Filter>
    </ClInclude>
    <ClInclude Include="troll.h">
      <Filter>Header Files\Character\Hero</Filter>
    </ClInclude>
    <ClInclude Include="vampire.h">
      <Filter>Header Files\Character\Hero</Filter>
    </ClInclude>
    <ClInclude Include="elf.h">
      <Filter>Header Files\Character\Enemy</Filter>
    </ClInclude>
    <ClInclude Include="drow.h">
      <Filter>Header Files\Character\Hero</Filter>
    </ClInclude>
    <ClInclude Include="dwarf.h">
      <Filter>Header Files\Character\Enemy</Filter>
    </ClInclude>
    <ClInclude Include="character.h">
      <Filter>Header Files\Character</Filter>
    </ClInclude>
    <ClInclude Include="enemy.h">
      <Filter>Header Files\Character</Filter>
    </ClInclude>
    <ClInclude Include="player.h">
      <Filter>Header Files\Character</Filter>
    </ClInclude>
    <ClInclude Include="item.h">
      <Filter>Header Files\Item</Filter>
    </ClInclude>
    <ClInclude Include="ladder.h">
      <Filter>Header Files\Item</Filter>
    </ClInclude>
    <ClInclude Include="gold.h">
      <Filter>Header Files\Item</Filter>
    </ClInclude>
    <ClInclude Include="object.h">
      <Filter>Header Files</Filter>
    </ClInclude>
    <ClInclude Include="potion.h">
      <Filter>Header Files\Item</Filter>
    </ClInclude>
    <ClInclude Include="specificPotions.h">
      <Filter>Header Files\Item</Filter>
    </ClInclude>
  </ItemGroup>
  <ItemGroup>
    <ClCompile Include="drow.cc">
      <Filter>Source Files\Character\Hero</Filter>
    </ClCompile>
    <ClCompile Include="goblin.cc">
      <Filter>Source Files\Character\Hero</Filter>
    </ClCompile>
    <ClCompile Include="troll.cc">
      <Filter>Source Files\Character\Hero</Filter>
    </ClCompile>
    <ClCompile Include="vampire.cc">
      <Filter>Source Files\Character\Hero</Filter>
    </ClCompile>
    <ClCompile Include="shade.cc">
      <Filter>Source Files\Character\Hero</Filter>
    </ClCompile>
    <ClCompile Include="dwarf.cc">
      <Filter>Source Files\Character\Enemy</Filter>
    </ClCompile>
    <ClCompile Include="dragon.cc">
      <Filter>Source Files\Character\Enemy</Filter>
    </ClCompile>
    <ClCompile Include="elf.cc">
      <Filter>Source Files\Character\Enemy</Filter>
    </ClCompile>
    <ClCompile Include="human.cc">
      <Filter>Source Files\Character\Enemy</Filter>
    </ClCompile>
    <ClCompile Include="orc.cc">
      <Filter>Source Files\Character\Enemy</Filter>
    </ClCompile>
    <ClCompile Include="merchant.cc">
      <Filter>Source Files\Character\Enemy</Filter>
    </ClCompile>
    <ClCompile Include="halfling.cc">
      <Filter>Source Files\Character\Enemy</Filter>
    </ClCompile>
    <ClCompile Include="character.cc">
      <Filter>Source Files\Character</Filter>
    </ClCompile>
    <ClCompile Include="enemy.cc">
      <Filter>Source Files\Character</Filter>
    </ClCompile>
    <ClCompile Include="player.cc">
      <Filter>Source Files\Character</Filter>
    </ClCompile>
    <ClCompile Include="item.cc">
      <Filter>Source Files\Item</Filter>
    </ClCompile>
    <ClCompile Include="ladder.cc">
      <Filter>Source Files\Item</Filter>
    </ClCompile>
    <ClCompile Include="gold.cc">
      <Filter>Source Files\Item</Filter>
    </ClCompile>
    <ClCompile Include="object.cc">
      <Filter>Source Files</Filter>
    </ClCompile>
    <ClCompile Include="potion.cc">
      <Filter>Source Files\Item</Filter>
    </ClCompile>
    <ClCompile Include="specificPotions.cc">
      <Filter>Source Files\Item</Filter>
    </ClCompile>
  </ItemGroup>
</Project>